{
  "version": 4,
  "terraform_version": "1.14.2",
  "serial": 294,
  "lineage": "0b3ff198-f593-6a97-df15-7ffca7f0e389",
  "outputs": {
    "frontend_url": {
      "value": "http://",
      "type": "string"
    },
    "instance_public_dns": {
      "value": "",
      "type": "string"
    },
    "instance_public_ip": {
      "value": "13.135.203.134",
      "type": "string"
    }
  },
  "resources": [
    {
      "mode": "data",
      "type": "aws_ami",
      "name": "ubuntu",
      "provider": "provider[\"registry.terraform.io/hashicorp/aws\"]",
      "instances": [
        {
          "schema_version": 0,
          "attributes": {
            "allow_unsafe_filter": null,
            "architecture": "x86_64",
            "arn": "arn:aws:ec2:eu-west-2::image/ami-00bab898728648dab",
            "block_device_mappings": [
              {
                "device_name": "/dev/sda1",
                "ebs": {
                  "delete_on_termination": "true",
                  "encrypted": "false",
                  "iops": "0",
                  "snapshot_id": "snap-050db9e26d1333729",
                  "throughput": "0",
                  "volume_initialization_rate": "0",
                  "volume_size": "8",
                  "volume_type": "gp2"
                },
                "no_device": "",
                "virtual_name": ""
              },
              {
                "device_name": "/dev/sdb",
                "ebs": {},
                "no_device": "",
                "virtual_name": "ephemeral0"
              },
              {
                "device_name": "/dev/sdc",
                "ebs": {},
                "no_device": "",
                "virtual_name": "ephemeral1"
              }
            ],
            "boot_mode": "uefi-preferred",
            "creation_date": "2026-03-20T06:58:40.000Z",
            "deprecation_time": "2028-03-20T06:58:40.000Z",
            "description": "Canonical, Ubuntu, 22.04, amd64 jammy image",
            "ena_support": true,
            "executable_users": null,
            "filter": [
              {
                "name": "name",
                "values": [
                  "ubuntu/images/hvm-ssd/ubuntu-jammy-22.04-amd64-server-*"
                ]
              }
            ],
            "hypervisor": "xen",
            "id": "ami-00bab898728648dab",
            "image_id": "ami-00bab898728648dab",
            "image_location": "amazon/ubuntu/images/hvm-ssd/ubuntu-jammy-22.04-amd64-server-20260320",
            "image_owner_alias": "amazon",
            "image_type": "machine",
            "imds_support": "",
            "include_deprecated": false,
            "kernel_id": "",
            "last_launched_time": "",
            "most_recent": true,
            "name": "ubuntu/images/hvm-ssd/ubuntu-jammy-22.04-amd64-server-20260320",
            "name_regex": null,
            "owner_id": "099720109477",
            "owners": [
              "099720109477"
            ],
            "platform": "",
            "platform_details": "Linux/UNIX",
            "product_codes": [],
            "public": true,
            "ramdisk_id": "",
            "region": "eu-west-2",
            "root_device_name": "/dev/sda1",
            "root_device_type": "ebs",
            "root_snapshot_id": "snap-050db9e26d1333729",
            "sriov_net_support": "simple",
            "state": "available",
            "state_reason": {
              "code": "UNSET",
              "message": "UNSET"
            },
            "tags": {},
            "timeouts": null,
            "tpm_support": "",
            "uefi_data": null,
            "usage_operation": "RunInstances",
            "virtualization_type": "hvm"
          },
          "sensitive_attributes": [],
          "identity_schema_version": 0
        }
      ]
    },
    {
      "mode": "data",
      "type": "aws_availability_zones",
      "name": "available",
      "provider": "provider[\"registry.terraform.io/hashicorp/aws\"]",
      "instances": [
        {
          "schema_version": 0,
          "attributes": {
            "all_availability_zones": null,
            "exclude_names": null,
            "exclude_zone_ids": null,
            "filter": null,
            "group_names": [
              "eu-west-2-zg-1"
            ],
            "id": "eu-west-2",
            "names": [
              "eu-west-2a",
              "eu-west-2b",
              "eu-west-2c"
            ],
            "region": "eu-west-2",
            "state": "available",
            "timeouts": null,
            "zone_ids": [
              "euw2-az2",
              "euw2-az3",
              "euw2-az1"
            ]
          },
          "sensitive_attributes": [],
          "identity_schema_version": 0
        }
      ]
    },
    {
      "mode": "managed",
      "type": "aws_iam_instance_profile",
      "name": "ec2_docker_profile",
      "provider": "provider[\"registry.terraform.io/hashicorp/aws\"]",
      "instances": [
        {
          "schema_version": 0,
          "attributes": {
            "arn": "arn:aws:iam::975050024946:instance-profile/ecommerce-ec2-instance-profile",
            "create_date": "2026-03-30T05:39:42Z",
            "id": "ecommerce-ec2-instance-profile",
            "name": "ecommerce-ec2-instance-profile",
            "name_prefix": "",
            "path": "/",
            "role": "ecommerce-ec2-docker-role",
            "tags": null,
            "tags_all": {},
            "unique_id": "AIPA6GBMCU7ZPGBIIKFWZ"
          },
          "sensitive_attributes": [],
          "identity_schema_version": 0,
          "private": "bnVsbA==",
          "dependencies": [
            "aws_iam_role.ec2_docker_role"
          ]
        }
      ]
    },
    {
      "mode": "managed",
      "type": "aws_iam_role",
      "name": "ec2_docker_role",
      "provider": "provider[\"registry.terraform.io/hashicorp/aws\"]",
      "instances": [
        {
          "schema_version": 0,
          "attributes": {
            "arn": "arn:aws:iam::975050024946:role/ecommerce-ec2-docker-role",
            "assume_role_policy": "{\"Statement\":[{\"Action\":\"sts:AssumeRole\",\"Effect\":\"Allow\",\"Principal\":{\"Service\":\"ec2.amazonaws.com\"}}],\"Version\":\"2012-10-17\"}",
            "create_date": "2026-03-30T05:39:38Z",
            "description": "",
            "force_detach_policies": false,
            "id": "ecommerce-ec2-docker-role",
            "inline_policy": [],
            "managed_policy_arns": [],
            "max_session_duration": 3600,
            "name": "ecommerce-ec2-docker-role",
            "name_prefix": "",
            "path": "/",
            "permissions_boundary": "",
            "tags": null,
            "tags_all": {},
            "unique_id": "AROA6GBMCU7ZF6EMDAU32"
          },
          "sensitive_attributes": [],
          "identity_schema_version": 0,
          "identity": {
            "account_id": "975050024946",
            "name": "ecommerce-ec2-docker-role"
          },
          "private": "bnVsbA=="
        }
      ]
    },
    {
      "mode": "managed",
      "type": "aws_iam_role_policy_attachment",
      "name": "ec2_docker_policy",
      "provider": "provider[\"registry.terraform.io/hashicorp/aws\"]",
      "instances": [
        {
          "schema_version": 0,
          "attributes": {
            "id": "ecommerce-ec2-docker-role/arn:aws:iam::aws:policy/AmazonEC2ContainerRegistryReadOnly",
            "policy_arn": "arn:aws:iam::aws:policy/AmazonEC2ContainerRegistryReadOnly",
            "role": "ecommerce-ec2-docker-role"
          },
          "sensitive_attributes": [],
          "identity_schema_version": 0,
          "identity": {
            "account_id": "975050024946",
            "policy_arn": "arn:aws:iam::aws:policy/AmazonEC2ContainerRegistryReadOnly",
            "role": "ecommerce-ec2-docker-role"
          },
          "private": "bnVsbA==",
          "dependencies": [
            "aws_iam_role.ec2_docker_role"
          ]
        }
      ]
    },
    {
      "mode": "managed",
      "type": "aws_instance",
      "name": "EcommerceApp",
      "provider": "provider[\"registry.terraform.io/hashicorp/aws\"]",
      "instances": [
        {
          "schema_version": 2,
          "attributes": {
            "ami": "ami-00bab898728648dab",
            "arn": "arn:aws:ec2:eu-west-2:975050024946:instance/i-07f20e42393b069b5",
            "associate_public_ip_address": true,
            "availability_zone": "eu-west-2a",
            "capacity_reservation_specification": [
              {
                "capacity_reservation_preference": "open",
                "capacity_reservation_target": []
              }
            ],
            "cpu_options": [
              {
                "amd_sev_snp": "",
                "core_count": 1,
                "threads_per_core": 2
              }
            ],
            "credit_specification": [
              {
                "cpu_credits": "unlimited"
              }
            ],
            "disable_api_stop": false,
            "disable_api_termination": false,
            "ebs_block_device": [],
            "ebs_optimized": false,
            "enable_primary_ipv6": null,
            "enclave_options": [
              {
                "enabled": false
              }
            ],
            "ephemeral_block_device": [],
            "force_destroy": false,
            "get_password_data": false,
            "hibernation": false,
            "host_id": "",
            "host_resource_group_arn": null,
            "iam_instance_profile": "",
            "id": "i-07f20e42393b069b5",
            "instance_initiated_shutdown_behavior": "stop",
            "instance_lifecycle": "",
            "instance_market_options": [],
            "instance_state": "running",
            "instance_type": "t3.micro",
            "ipv6_address_count": 0,
            "ipv6_addresses": [],
            "key_name": "",
            "launch_template": [],
            "maintenance_options": [
              {
                "auto_recovery": "default"
              }
            ],
            "metadata_options": [
              {
                "http_endpoint": "enabled",
                "http_protocol_ipv6": "disabled",
                "http_put_response_hop_limit": 1,
                "http_tokens": "optional",
                "instance_metadata_tags": "disabled"
              }
            ],
            "monitoring": false,
            "network_interface": [],
            "outpost_arn": "",
            "password_data": "",
            "placement_group": "",
            "placement_group_id": "",
            "placement_partition_number": 0,
            "primary_network_interface": [
              {
                "delete_on_termination": true,
                "network_interface_id": "eni-0ed7cceef58fc9c83"
              }
            ],
            "primary_network_interface_id": "eni-0ed7cceef58fc9c83",
            "private_dns": "ip-10-0-1-59.eu-west-2.compute.internal",
            "private_dns_name_options": [
              {
                "enable_resource_name_dns_a_record": false,
                "enable_resource_name_dns_aaaa_record": false,
                "hostname_type": "ip-name"
              }
            ],
            "private_ip": "10.0.1.59",
            "public_dns": "",
            "public_ip": "13.135.203.134",
            "region": "eu-west-2",
            "root_block_device": [
              {
                "delete_on_termination": true,
                "device_name": "/dev/sda1",
                "encrypted": false,
                "iops": 100,
                "kms_key_id": "",
                "tags": {},
                "tags_all": {},
                "throughput": 0,
                "volume_id": "vol-0d14336dbff93b3a2",
                "volume_size": 8,
                "volume_type": "gp2"
              }
            ],
            "secondary_private_ips": [],
            "security_groups": [],
            "source_dest_check": true,
            "spot_instance_request_id": "",
            "subnet_id": "subnet-08cea7ef1fe6b8df6",
            "tags": {
              "Name": "Ecommerce-App"
            },
            "tags_all": {
              "Name": "Ecommerce-App"
            },
            "tenancy": "default",
            "timeouts": null,
            "user_data": "#!/bin/bash\nset -e\n\n# Update system\napt update -y\napt upgrade -y\n\n# Install Docker\napt install -y docker.io\nsystemctl start docker\nsystemctl enable docker\n\n# Install Docker Compose\ncurl -L \"https://github.com/docker/compose/releases/latest/download/docker-compose-$(uname -s)-$(uname -m)\" -o /usr/local/bin/docker-compose\nchmod +x /usr/local/bin/docker-compose\n\n# Wait for Docker daemon to be ready\nsleep 5\n\n# Create directory for MongoDB data and scripts\nmkdir -p /opt/mongodb/data\nmkdir -p /opt/mongodb/init-scripts\n\n# Create MongoDB initialization script\ncat \u003e /opt/mongodb/init-scripts/init-databases.sh \u003c\u003c 'MONGODB_INIT_SCRIPT'\n#!/bin/bash\n\n# Wait for MongoDB to be ready\necho \"Waiting for MongoDB to be ready...\"\nuntil mongosh --eval \"db.version()\" \u003e /dev/null 2\u003e\u00261; do\n  echo \"MongoDB is unavailable - sleeping...\"\n  sleep 2\ndone\n\necho \"MongoDB is ready! Creating databases and collections...\"\n\n# Create databases and collections\nmongosh \u003c\u003cEOF\n// Switch to admin database\nuse admin;\n\n// Create user database\nuse ecommerce_users;\ndb.createCollection(\"users\");\ndb.users.createIndex({ email: 1 }, { unique: true });\nprint(\"✅ ecommerce_users database created\");\n\n// Create product database\nuse ecommerce_products;\ndb.createCollection(\"products\");\ndb.products.createIndex({ category: 1 });\ndb.createCollection(\"categories\");\nprint(\"✅ ecommerce_products database created\");\n\n// Create cart database\nuse ecommerce_carts;\ndb.createCollection(\"carts\");\ndb.carts.createIndex({ userId: 1 }, { unique: true });\nprint(\"✅ ecommerce_carts database created\");\n\n// Create order database\nuse ecommerce_orders;\ndb.createCollection(\"orders\");\ndb.orders.createIndex({ userId: 1 });\ndb.orders.createIndex({ createdAt: -1 });\nprint(\"✅ ecommerce_orders database created\");\n\nprint(\"\\n✅ All databases initialized successfully!\");\nEOF\n\necho \"Database initialization complete!\"\n\nMONGODB_INIT_SCRIPT\n\nchmod +x /opt/mongodb/init-scripts/init-databases.sh\n\n# Pull Docker images\necho \"Pulling application images...\"\ndocker pull adish786/user-service:latest\ndocker pull adish786/product-service:latest\ndocker pull adish786/cart-service:latest\ndocker pull adish786/order-service:latest\ndocker pull adish786/frontend:latest\n\n# Create docker-compose.yml\ncat \u003e /opt/docker-compose.yml \u003c\u003c 'DOCKER_COMPOSE_EOF'\nversion: '3.8'\n\nservices:\n  mongodb:\n    image: mongo:7.0\n    network_mode: host\n    volumes:\n      - /opt/mongodb/data:/data/db\n      - /opt/mongodb/init-scripts:/docker-entrypoint-initdb.d\n    environment:\n      MONGO_INITDB_ROOT_USERNAME: root\n      MONGO_INITDB_ROOT_PASSWORD: root\n    command: --bind_ip_all\n    healthcheck:\n      test: [\"CMD\", \"mongosh\", \"--eval\", \"db.adminCommand('ping')\"]\n      interval: 10s\n      timeout: 5s\n      retries: 5\n\n  user-service:\n    image: adish786/user-service:latest\n    network_mode: host\n    depends_on:\n      mongodb:\n        condition: service_healthy\n    restart: unless-stopped\n\n  product-service:\n    image: adish786/product-service:latest\n    network_mode: host\n    depends_on:\n      mongodb:\n        condition: service_healthy\n    restart: unless-stopped\n\n  cart-service:\n    image: adish786/cart-service:latest\n    network_mode: host\n    depends_on:\n      mongodb:\n        condition: service_healthy\n    restart: unless-stopped\n\n  order-service:\n    image: adish786/order-service:latest\n    network_mode: host\n    depends_on:\n      mongodb:\n        condition: service_healthy\n    restart: unless-stopped\n\n  frontend:\n    image: adish786/frontend:latest\n    network_mode: host\n    restart: unless-stopped\nDOCKER_COMPOSE_EOF\n\n# Run docker-compose\necho \"Starting application containers with docker-compose...\"\ncd /opt\ndocker-compose -f /opt/docker-compose.yml up -d\n\n# Check status\ndocker-compose -f /opt/docker-compose.yml ps\ndocker-compose -f /opt/docker-compose.yml logs --tail=50\n\necho \"✅ All containers started! Waiting for services to initialize...\"\nsleep 5\n\n# Verify containers are running\necho \"Container status:\"\ndocker ps -a\n\necho \"✅ Deployment complete!\"\n",
            "user_data_base64": null,
            "user_data_replace_on_change": false,
            "volume_tags": null,
            "vpc_security_group_ids": [
              "sg-0e502ad9f195be460"
            ]
          },
          "sensitive_attributes": [],
          "identity_schema_version": 0,
          "identity": {
            "account_id": "975050024946",
            "id": "i-07f20e42393b069b5",
            "region": "eu-west-2"
          },
          "private": "eyJlMmJmYjczMC1lY2FhLTExZTYtOGY4OC0zNDM2M2JjN2M0YzAiOnsiY3JlYXRlIjo2MDAwMDAwMDAwMDAsImRlbGV0ZSI6MTIwMDAwMDAwMDAwMCwicmVhZCI6OTAwMDAwMDAwMDAwLCJ1cGRhdGUiOjYwMDAwMDAwMDAwMH0sInNjaGVtYV92ZXJzaW9uIjoiMiJ9",
          "dependencies": [
            "aws_security_group.sg",
            "aws_subnet.public",
            "aws_vpc.main",
            "data.aws_ami.ubuntu",
            "data.aws_availability_zones.available"
          ]
        }
      ]
    },
    {
      "mode": "managed",
      "type": "aws_internet_gateway",
      "name": "gw",
      "provider": "provider[\"registry.terraform.io/hashicorp/aws\"]",
      "instances": [
        {
          "schema_version": 0,
          "attributes": {
            "arn": "arn:aws:ec2:eu-west-2:975050024946:internet-gateway/igw-02dc944975ca36796",
            "id": "igw-02dc944975ca36796",
            "owner_id": "975050024946",
            "region": "eu-west-2",
            "tags": {
              "Name": "ecommerce-igw"
            },
            "tags_all": {
              "Name": "ecommerce-igw"
            },
            "timeouts": null,
            "vpc_id": "vpc-06db92fd5a94c80df"
          },
          "sensitive_attributes": [],
          "identity_schema_version": 0,
          "private": "eyJlMmJmYjczMC1lY2FhLTExZTYtOGY4OC0zNDM2M2JjN2M0YzAiOnsiY3JlYXRlIjoxMjAwMDAwMDAwMDAwLCJkZWxldGUiOjEyMDAwMDAwMDAwMDAsInVwZGF0ZSI6MTIwMDAwMDAwMDAwMH19",
          "dependencies": [
            "aws_vpc.main"
          ]
        }
      ]
    },
    {
      "mode": "managed",
      "type": "aws_key_pair",
      "name": "mern_keypair",
      "provider": "provider[\"registry.terraform.io/hashicorp/aws\"]",
      "instances": [
        {
          "index_key": 0,
          "schema_version": 1,
          "attributes": {
            "arn": "arn:aws:ec2:eu-west-2:975050024946:key-pair/ecommerce-mern-key",
            "fingerprint": "96:8f:50:85:c2:b4:f1:18:76:84:c6:d0:53:8c:08:1d",
            "id": "ecommerce-mern-key",
            "key_name": "ecommerce-mern-key",
            "key_name_prefix": "",
            "key_pair_id": "key-0bc77a0ed81f73598",
            "key_type": "rsa",
            "public_key": "ssh-rsa AAAAB3NzaC1yc2EAAAADAQABAAABAQDyMYrKk/wn8KOj0sn/eS+9rGaxgDVLemVYCeXy0NOdpOVXFBKPjjo4dwpIz5ePX1LgYRwwg0x3CeFbpC+iofTdpnHcUsUqAMej+KX4J+E1eOzrNrrtN1IQg+lwA0Z43t8l0rALUQ6gAtDQrTdMJfhuykyRYZA+gNzD7r6JWMXOXNVa5yhL+UuX0GG4NMMwSPgrA7ScGvZWW9o82nqFLb7lKtVgv4yvN1Ndg7LlcdgMN6SXMVgcOevdp3x6nhnaJ6lOKnIMjt9HQUpy6OyT9qEnx0tcpI4UYUzQE5qa2M40PN5W6znr0BGMho8fcLuQrBxlP40VYjZoblUkmyq7OfF/",
            "region": "eu-west-2",
            "tags": null,
            "tags_all": {}
          },
          "sensitive_attributes": [],
          "identity_schema_version": 0,
          "private": "eyJzY2hlbWFfdmVyc2lvbiI6IjEifQ==",
          "dependencies": [
            "tls_private_key.mern_key"
          ]
        }
      ]
    },
    {
      "mode": "managed",
      "type": "aws_route_table",
      "name": "public",
      "provider": "provider[\"registry.terraform.io/hashicorp/aws\"]",
      "instances": [
        {
          "schema_version": 0,
          "attributes": {
            "arn": "arn:aws:ec2:eu-west-2:975050024946:route-table/rtb-0de0efefd6b6ee24f",
            "id": "rtb-0de0efefd6b6ee24f",
            "owner_id": "975050024946",
            "propagating_vgws": [],
            "region": "eu-west-2",
            "route": [
              {
                "carrier_gateway_id": "",
                "cidr_block": "0.0.0.0/0",
                "core_network_arn": "",
                "destination_prefix_list_id": "",
                "egress_only_gateway_id": "",
                "gateway_id": "igw-02dc944975ca36796",
                "ipv6_cidr_block": "",
                "local_gateway_id": "",
                "nat_gateway_id": "",
                "network_interface_id": "",
                "transit_gateway_id": "",
                "vpc_endpoint_id": "",
                "vpc_peering_connection_id": ""
              }
            ],
            "tags": {
              "Name": "ecommerce-public-rt"
            },
            "tags_all": {
              "Name": "ecommerce-public-rt"
            },
            "timeouts": null,
            "vpc_id": "vpc-06db92fd5a94c80df"
          },
          "sensitive_attributes": [],
          "identity_schema_version": 0,
          "identity": {
            "account_id": "975050024946",
            "id": "rtb-0de0efefd6b6ee24f",
            "region": "eu-west-2"
          },
          "private": "eyJlMmJmYjczMC1lY2FhLTExZTYtOGY4OC0zNDM2M2JjN2M0YzAiOnsiY3JlYXRlIjozMDAwMDAwMDAwMDAsImRlbGV0ZSI6MzAwMDAwMDAwMDAwLCJ1cGRhdGUiOjEyMDAwMDAwMDAwMH19",
          "dependencies": [
            "aws_internet_gateway.gw",
            "aws_vpc.main"
          ]
        }
      ]
    },
    {
      "mode": "managed",
      "type": "aws_route_table_association",
      "name": "public",
      "provider": "provider[\"registry.terraform.io/hashicorp/aws\"]",
      "instances": [
        {
          "schema_version": 0,
          "attributes": {
            "gateway_id": "",
            "id": "rtbassoc-0ecd6a88ce364c010",
            "region": "eu-west-2",
            "route_table_id": "rtb-0de0efefd6b6ee24f",
            "subnet_id": "subnet-08cea7ef1fe6b8df6",
            "timeouts": null
          },
          "sensitive_attributes": [],
          "identity_schema_version": 0,
          "private": "eyJlMmJmYjczMC1lY2FhLTExZTYtOGY4OC0zNDM2M2JjN2M0YzAiOnsiY3JlYXRlIjozMDAwMDAwMDAwMDAsImRlbGV0ZSI6MzAwMDAwMDAwMDAwLCJ1cGRhdGUiOjEyMDAwMDAwMDAwMH19",
          "dependencies": [
            "aws_internet_gateway.gw",
            "aws_route_table.public",
            "aws_subnet.public",
            "aws_vpc.main",
            "data.aws_availability_zones.available"
          ]
        }
      ]
    },
    {
      "mode": "managed",
      "type": "aws_security_group",
      "name": "sg",
      "provider": "provider[\"registry.terraform.io/hashicorp/aws\"]",
      "instances": [
        {
          "schema_version": 1,
          "attributes": {
            "arn": "arn:aws:ec2:eu-west-2:975050024946:security-group/sg-0e502ad9f195be460",
            "description": "Allow frontend and backend traffic",
            "egress": [
              {
                "cidr_blocks": [
                  "0.0.0.0/0"
                ],
                "description": "",
                "from_port": 0,
                "ipv6_cidr_blocks": [],
                "prefix_list_ids": [],
                "protocol": "-1",
                "security_groups": [],
                "self": false,
                "to_port": 0
              }
            ],
            "id": "sg-0e502ad9f195be460",
            "ingress": [
              {
                "cidr_blocks": [
                  "0.0.0.0/0"
                ],
                "description": "",
                "from_port": 22,
                "ipv6_cidr_blocks": [],
                "prefix_list_ids": [],
                "protocol": "tcp",
                "security_groups": [],
                "self": false,
                "to_port": 22
              },
              {
                "cidr_blocks": [
                  "0.0.0.0/0"
                ],
                "description": "",
                "from_port": 27017,
                "ipv6_cidr_blocks": [],
                "prefix_list_ids": [],
                "protocol": "tcp",
                "security_groups": [],
                "self": false,
                "to_port": 27017
              },
              {
                "cidr_blocks": [
                  "0.0.0.0/0"
                ],
                "description": "",
                "from_port": 3000,
                "ipv6_cidr_blocks": [],
                "prefix_list_ids": [],
                "protocol": "tcp",
                "security_groups": [],
                "self": false,
                "to_port": 3004
              },
              {
                "cidr_blocks": [
                  "0.0.0.0/0"
                ],
                "description": "",
                "from_port": 80,
                "ipv6_cidr_blocks": [],
                "prefix_list_ids": [],
                "protocol": "tcp",
                "security_groups": [],
                "self": false,
                "to_port": 80
              }
            ],
            "name": "ecommerce-app-sg",
            "name_prefix": "",
            "owner_id": "975050024946",
            "region": "eu-west-2",
            "revoke_rules_on_delete": false,
            "tags": {
              "Name": "ecommerce-app-sg"
            },
            "tags_all": {
              "Name": "ecommerce-app-sg"
            },
            "timeouts": null,
            "vpc_id": "vpc-06db92fd5a94c80df"
          },
          "sensitive_attributes": [],
          "identity_schema_version": 0,
          "identity": {
            "account_id": "975050024946",
            "id": "sg-0e502ad9f195be460",
            "region": "eu-west-2"
          },
          "private": "eyJlMmJmYjczMC1lY2FhLTExZTYtOGY4OC0zNDM2M2JjN2M0YzAiOnsiY3JlYXRlIjo2MDAwMDAwMDAwMDAsImRlbGV0ZSI6OTAwMDAwMDAwMDAwfSwic2NoZW1hX3ZlcnNpb24iOiIxIn0=",
          "dependencies": [
            "aws_vpc.main"
          ]
        }
      ]
    },
    {
      "mode": "managed",
      "type": "aws_subnet",
      "name": "public",
      "provider": "provider[\"registry.terraform.io/hashicorp/aws\"]",
      "instances": [
        {
          "schema_version": 1,
          "attributes": {
            "arn": "arn:aws:ec2:eu-west-2:975050024946:subnet/subnet-08cea7ef1fe6b8df6",
            "assign_ipv6_address_on_creation": false,
            "availability_zone": "eu-west-2a",
            "availability_zone_id": "euw2-az2",
            "cidr_block": "10.0.1.0/24",
            "customer_owned_ipv4_pool": "",
            "enable_dns64": false,
            "enable_lni_at_device_index": 0,
            "enable_resource_name_dns_a_record_on_launch": false,
            "enable_resource_name_dns_aaaa_record_on_launch": false,
            "id": "subnet-08cea7ef1fe6b8df6",
            "ipv6_cidr_block": "",
            "ipv6_cidr_block_association_id": "",
            "ipv6_native": false,
            "map_customer_owned_ip_on_launch": false,
            "map_public_ip_on_launch": true,
            "outpost_arn": "",
            "owner_id": "975050024946",
            "private_dns_hostname_type_on_launch": "ip-name",
            "region": "eu-west-2",
            "tags": {
              "Name": "ecommerce-public-subnet"
            },
            "tags_all": {
              "Name": "ecommerce-public-subnet"
            },
            "timeouts": null,
            "vpc_id": "vpc-06db92fd5a94c80df"
          },
          "sensitive_attributes": [],
          "identity_schema_version": 0,
          "identity": {
            "account_id": "975050024946",
            "id": "subnet-08cea7ef1fe6b8df6",
            "region": "eu-west-2"
          },
          "private": "eyJlMmJmYjczMC1lY2FhLTExZTYtOGY4OC0zNDM2M2JjN2M0YzAiOnsiY3JlYXRlIjo2MDAwMDAwMDAwMDAsImRlbGV0ZSI6MTIwMDAwMDAwMDAwMH0sInNjaGVtYV92ZXJzaW9uIjoiMSJ9",
          "dependencies": [
            "aws_vpc.main",
            "data.aws_availability_zones.available"
          ]
        }
      ]
    },
    {
      "mode": "managed",
      "type": "aws_vpc",
      "name": "main",
      "provider": "provider[\"registry.terraform.io/hashicorp/aws\"]",
      "instances": [
        {
          "schema_version": 1,
          "attributes": {
            "arn": "arn:aws:ec2:eu-west-2:975050024946:vpc/vpc-06db92fd5a94c80df",
            "assign_generated_ipv6_cidr_block": false,
            "cidr_block": "10.0.0.0/16",
            "default_network_acl_id": "acl-03e4319b2c7bf5a0a",
            "default_route_table_id": "rtb-0f316910fc9b7ecf0",
            "default_security_group_id": "sg-0407f5db742b5532b",
            "dhcp_options_id": "dopt-004ef3a8c8b398f6d",
            "enable_dns_hostnames": false,
            "enable_dns_support": true,
            "enable_network_address_usage_metrics": false,
            "id": "vpc-06db92fd5a94c80df",
            "instance_tenancy": "default",
            "ipv4_ipam_pool_id": null,
            "ipv4_netmask_length": null,
            "ipv6_association_id": "",
            "ipv6_cidr_block": "",
            "ipv6_cidr_block_network_border_group": "",
            "ipv6_ipam_pool_id": "",
            "ipv6_netmask_length": 0,
            "main_route_table_id": "rtb-0f316910fc9b7ecf0",
            "owner_id": "975050024946",
            "region": "eu-west-2",
            "tags": {
              "Name": "ecommerce-vpc"
            },
            "tags_all": {
              "Name": "ecommerce-vpc"
            }
          },
          "sensitive_attributes": [],
          "identity_schema_version": 0,
          "identity": {
            "account_id": "975050024946",
            "id": "vpc-06db92fd5a94c80df",
            "region": "eu-west-2"
          },
          "private": "eyJzY2hlbWFfdmVyc2lvbiI6IjEifQ=="
        }
      ]
    },
    {
      "mode": "managed",
      "type": "local_file",
      "name": "private_key",
      "provider": "provider[\"registry.terraform.io/hashicorp/local\"]",
      "instances": [
        {
          "index_key": 0,
          "schema_version": 0,
          "attributes": {
            "content": "-----BEGIN RSA PRIVATE KEY-----\nMIIEpAIBAAKCAQEA8jGKypP8J/Cjo9LJ/3kvvaxmsYA1S3plWAnl8tDTnaTlVxQS\nj446OHcKSM+Xj19S4GEcMINMdwnhW6QvoqH03aZx3FLFKgDHo/il+CfhNXjs6za6\n7TdSEIPpcANGeN7fJdKwC1EOoALQ0K03TCX4bspMkWGQPoDcw+6+iVjFzlzVWuco\nS/lLl9BhuDTDMEj4KwO0nBr2VlvaPNp6hS2+5SrVYL+MrzdTXYOy5XHYDDeklzFY\nHDnr3ad8ep4Z2iepTipyDI7fR0FKcujsk/ahJ8dLXKSOFGFM0BOamtjONDzeVus5\n69ARjIaPH3C7kKwcZT+NFWI2aG5VJJsquznxfwIDAQABAoIBACE2L/0lm+9yLU56\nyl5xJN3StWZj2WsXRqxy9wh8IHi+swBk7UKoU02I7W0cooDzpm7EglQYvTSZs0CY\n3DtmECkQ+Q4of4cKAlZ283N7LIPjqEF9CNccvfEr1agZmuFaVqleIev7WpEQscfb\n6PhVQKMYtLU+9sPLcfqgU5qMBNwOVJiog63esHnOrYenf78diNthOaWkxIQhzaFT\nDRBoTBSmoeqT+bg+St3XtUD5oJj4j6NLI57M9LqcTrl+/5PB8/4a8w8skipIUV1f\np2qevdOl0bS7RN3PrrOb9BcfrBuj3lPwAlbrIj6FtFckkVyZUPnYn2QaVd543MAZ\nIjxVngkCgYEA/pzb3wShr55+6kQzwl82wtkzkNa6pJdIkq5N2hMpHrXzCAPu/y+c\n4vP8TJIzWP3iLMbj9S80PkNV4T7v9PuqyzyDMNTxntq4t5TSffVdfQGJeNhKr4cz\nr+nmyQZksp8tCJXhPB3LDP/VlXSbsqlrlJ43aaBHh5ttu0cXfDhVRwsCgYEA84Nc\nUXFu9SXsGvNyl6Fg1EzTYuYYKShDdJbDIxiBjLOn2S2WsKS4O15Cvyb7HJBzlqOk\nqzIOCa46qnp/td4hfigEJD5uz3uWryJPYXrYI3uuC6S2HfyR1s1RJXe/MGzBYvZw\nnfs2dtCozcZ+icRzrJODRmN6vK3C5RjL04Aw990CgYBogdHt1GTZROErHxtvqM09\nZRG5Xan2bPIo4sqpvDugk2ZR3+t1awGmVic09r2ExZDUeD6RIPL8q37QmZi8oaAV\nE511qbITVguDrt5HPTNGYB8hLwZYzdH1XriPwsQKXTOK1ppApqn1h/0O/3H4/3lc\n4yQzgspZav67ZA7LugOmyQKBgQC9qIrnd8SmtKF+oCuZA3yp/SgKeBFLROu8y4sy\nM2z7DBXnpYUfETvYKWMtBAxCRBNyuQOQvoyGZ6eTjZMYL+jAHCSVofamLKjAwKU4\n0/exMyvsL54UHtnrhb/0wZ4r9hhsnmo58SWLRpqioj19yX8aY020LdizSVZpHnXp\nxYbeFQKBgQCxGdcxTIFWvDySHa+MaMalR9J8+H/2wEau/gjmiO7b41BXxO6c3RyA\nn7RIqykEdrHX8+CY2xoZRfcCJR/RuqLnZ0/RuCWIxdnZeByU9pucLZjDDzaUCm1K\nsADOgaYgP0FHlOg8C8x7VxxCKyUHNA4+83UCO82xSX7TFNiHbnoxFg==\n-----END RSA PRIVATE KEY-----\n",
            "content_base64": null,
            "content_base64sha256": "aZOYiMU54V82f5QELe02/oPv07Iii9pmMx4VIAkF28g=",
            "content_base64sha512": "0JcPAmxu1k3kxLuwGFbfCPXLn1TBPajEdb6FEqXVvUxEcaaArNIZ1xsHdklUF9F+NJonOF/1p00P6jMzg4enMg==",
            "content_md5": "0e67c9c04b7f91fbbe9f0409d3990edb",
            "content_sha1": "568102d4c9ac316cd8be1ab8b373e163ad4f01a6",
            "content_sha256": "69939888c539e15f367f94042ded36fe83efd3b2228bda66331e15200905dbc8",
            "content_sha512": "d0970f026c6ed64de4c4bbb01856df08f5cb9f54c13da8c475be8512a5d5bd4c4471a680acd219d71b0776495417d17e349a27385ff5a74d0fea33338387a732",
            "directory_permission": "0777",
            "file_permission": "0400",
            "filename": "./MERNAppAdishKeyPair.pem",
            "id": "568102d4c9ac316cd8be1ab8b373e163ad4f01a6",
            "sensitive_content": null,
            "source": null
          },
          "sensitive_attributes": [
            [
              {
                "type": "get_attr",
                "value": "content"
              }
            ],
            [
              {
                "type": "get_attr",
                "value": "sensitive_content"
              }
            ]
          ],
          "identity_schema_version": 0,
          "dependencies": [
            "tls_private_key.mern_key"
          ]
        }
      ]
    },
    {
      "mode": "managed",
      "type": "tls_private_key",
      "name": "mern_key",
      "provider": "provider[\"registry.terraform.io/hashicorp/tls\"]",
      "instances": [
        {
          "index_key": 0,
          "schema_version": 1,
          "attributes": {
            "algorithm": "RSA",
            "ecdsa_curve": "P224",
            "id": "e9f95bcd3610fb0916609156cee1227d40bcdff4",
            "private_key_openssh": "-----BEGIN OPENSSH PRIVATE KEY-----\nb3BlbnNzaC1rZXktdjEAAAAABG5vbmUAAAAEbm9uZQAAAAAAAAABAAABFwAAAAdz\nc2gtcnNhAAAAAwEAAQAAAQEA8jGKypP8J/Cjo9LJ/3kvvaxmsYA1S3plWAnl8tDT\nnaTlVxQSj446OHcKSM+Xj19S4GEcMINMdwnhW6QvoqH03aZx3FLFKgDHo/il+Cfh\nNXjs6za67TdSEIPpcANGeN7fJdKwC1EOoALQ0K03TCX4bspMkWGQPoDcw+6+iVjF\nzlzVWucoS/lLl9BhuDTDMEj4KwO0nBr2VlvaPNp6hS2+5SrVYL+MrzdTXYOy5XHY\nDDeklzFYHDnr3ad8ep4Z2iepTipyDI7fR0FKcujsk/ahJ8dLXKSOFGFM0BOamtjO\nNDzeVus569ARjIaPH3C7kKwcZT+NFWI2aG5VJJsquznxfwAAA7gjC2jlIwto5QAA\nAAdzc2gtcnNhAAABAQDyMYrKk/wn8KOj0sn/eS+9rGaxgDVLemVYCeXy0NOdpOVX\nFBKPjjo4dwpIz5ePX1LgYRwwg0x3CeFbpC+iofTdpnHcUsUqAMej+KX4J+E1eOzr\nNrrtN1IQg+lwA0Z43t8l0rALUQ6gAtDQrTdMJfhuykyRYZA+gNzD7r6JWMXOXNVa\n5yhL+UuX0GG4NMMwSPgrA7ScGvZWW9o82nqFLb7lKtVgv4yvN1Ndg7LlcdgMN6SX\nMVgcOevdp3x6nhnaJ6lOKnIMjt9HQUpy6OyT9qEnx0tcpI4UYUzQE5qa2M40PN5W\n6znr0BGMho8fcLuQrBxlP40VYjZoblUkmyq7OfF/AAAAAwEAAQAAAQAhNi/9JZvv\nci1OespecSTd0rVmY9lrF0ascvcIfCB4vrMAZO1CqFNNiO1tHKKA86ZuxIJUGL00\nmbNAmNw7ZhApEPkOKH+HCgJWdvNzeyyD46hBfQjXHL3xK9WoGZrhWlapXiHr+1qR\nELHH2+j4VUCjGLS1PvbDy3H6oFOajATcDlSYqIOt3rB5zq2Hp3+/HYjbYTmlpMSE\nIc2hUw0QaEwUpqHqk/m4Pkrd17VA+aCY+I+jSyOezPS6nE65fv+TwfP+GvMPLJIq\nSFFdX6dqnr3TpdG0u0Tdz66zm/QXH6wbo95T8AJW6yI+hbRXJJFcmVD52J9kGlXe\neNzAGSI8VZ4JAAAAgQCxGdcxTIFWvDySHa+MaMalR9J8+H/2wEau/gjmiO7b41BX\nxO6c3RyAn7RIqykEdrHX8+CY2xoZRfcCJR/RuqLnZ0/RuCWIxdnZeByU9pucLZjD\nDzaUCm1KsADOgaYgP0FHlOg8C8x7VxxCKyUHNA4+83UCO82xSX7TFNiHbnoxFgAA\nAIEA/pzb3wShr55+6kQzwl82wtkzkNa6pJdIkq5N2hMpHrXzCAPu/y+c4vP8TJIz\nWP3iLMbj9S80PkNV4T7v9PuqyzyDMNTxntq4t5TSffVdfQGJeNhKr4czr+nmyQZk\nsp8tCJXhPB3LDP/VlXSbsqlrlJ43aaBHh5ttu0cXfDhVRwsAAACBAPODXFFxbvUl\n7BrzcpehYNRM02LmGCkoQ3SWwyMYgYyzp9ktlrCkuDteQr8m+xyQc5ajpKsyDgmu\nOqp6f7XeIX4oBCQ+bs97lq8iT2F62CN7rgukth38kdbNUSV3vzBswWL2cJ37NnbQ\nqM3GfonEc6yTg0ZjerytwuUYy9OAMPfdAAAAAAEC\n-----END OPENSSH PRIVATE KEY-----\n",
            "private_key_pem": "-----BEGIN RSA PRIVATE KEY-----\nMIIEpAIBAAKCAQEA8jGKypP8J/Cjo9LJ/3kvvaxmsYA1S3plWAnl8tDTnaTlVxQS\nj446OHcKSM+Xj19S4GEcMINMdwnhW6QvoqH03aZx3FLFKgDHo/il+CfhNXjs6za6\n7TdSEIPpcANGeN7fJdKwC1EOoALQ0K03TCX4bspMkWGQPoDcw+6+iVjFzlzVWuco\nS/lLl9BhuDTDMEj4KwO0nBr2VlvaPNp6hS2+5SrVYL+MrzdTXYOy5XHYDDeklzFY\nHDnr3ad8ep4Z2iepTipyDI7fR0FKcujsk/ahJ8dLXKSOFGFM0BOamtjONDzeVus5\n69ARjIaPH3C7kKwcZT+NFWI2aG5VJJsquznxfwIDAQABAoIBACE2L/0lm+9yLU56\nyl5xJN3StWZj2WsXRqxy9wh8IHi+swBk7UKoU02I7W0cooDzpm7EglQYvTSZs0CY\n3DtmECkQ+Q4of4cKAlZ283N7LIPjqEF9CNccvfEr1agZmuFaVqleIev7WpEQscfb\n6PhVQKMYtLU+9sPLcfqgU5qMBNwOVJiog63esHnOrYenf78diNthOaWkxIQhzaFT\nDRBoTBSmoeqT+bg+St3XtUD5oJj4j6NLI57M9LqcTrl+/5PB8/4a8w8skipIUV1f\np2qevdOl0bS7RN3PrrOb9BcfrBuj3lPwAlbrIj6FtFckkVyZUPnYn2QaVd543MAZ\nIjxVngkCgYEA/pzb3wShr55+6kQzwl82wtkzkNa6pJdIkq5N2hMpHrXzCAPu/y+c\n4vP8TJIzWP3iLMbj9S80PkNV4T7v9PuqyzyDMNTxntq4t5TSffVdfQGJeNhKr4cz\nr+nmyQZksp8tCJXhPB3LDP/VlXSbsqlrlJ43aaBHh5ttu0cXfDhVRwsCgYEA84Nc\nUXFu9SXsGvNyl6Fg1EzTYuYYKShDdJbDIxiBjLOn2S2WsKS4O15Cvyb7HJBzlqOk\nqzIOCa46qnp/td4hfigEJD5uz3uWryJPYXrYI3uuC6S2HfyR1s1RJXe/MGzBYvZw\nnfs2dtCozcZ+icRzrJODRmN6vK3C5RjL04Aw990CgYBogdHt1GTZROErHxtvqM09\nZRG5Xan2bPIo4sqpvDugk2ZR3+t1awGmVic09r2ExZDUeD6RIPL8q37QmZi8oaAV\nE511qbITVguDrt5HPTNGYB8hLwZYzdH1XriPwsQKXTOK1ppApqn1h/0O/3H4/3lc\n4yQzgspZav67ZA7LugOmyQKBgQC9qIrnd8SmtKF+oCuZA3yp/SgKeBFLROu8y4sy\nM2z7DBXnpYUfETvYKWMtBAxCRBNyuQOQvoyGZ6eTjZMYL+jAHCSVofamLKjAwKU4\n0/exMyvsL54UHtnrhb/0wZ4r9hhsnmo58SWLRpqioj19yX8aY020LdizSVZpHnXp\nxYbeFQKBgQCxGdcxTIFWvDySHa+MaMalR9J8+H/2wEau/gjmiO7b41BXxO6c3RyA\nn7RIqykEdrHX8+CY2xoZRfcCJR/RuqLnZ0/RuCWIxdnZeByU9pucLZjDDzaUCm1K\nsADOgaYgP0FHlOg8C8x7VxxCKyUHNA4+83UCO82xSX7TFNiHbnoxFg==\n-----END RSA PRIVATE KEY-----\n",
            "private_key_pem_pkcs8": "-----BEGIN PRIVATE KEY-----\nMIIEvgIBADANBgkqhkiG9w0BAQEFAASCBKgwggSkAgEAAoIBAQDyMYrKk/wn8KOj\n0sn/eS+9rGaxgDVLemVYCeXy0NOdpOVXFBKPjjo4dwpIz5ePX1LgYRwwg0x3CeFb\npC+iofTdpnHcUsUqAMej+KX4J+E1eOzrNrrtN1IQg+lwA0Z43t8l0rALUQ6gAtDQ\nrTdMJfhuykyRYZA+gNzD7r6JWMXOXNVa5yhL+UuX0GG4NMMwSPgrA7ScGvZWW9o8\n2nqFLb7lKtVgv4yvN1Ndg7LlcdgMN6SXMVgcOevdp3x6nhnaJ6lOKnIMjt9HQUpy\n6OyT9qEnx0tcpI4UYUzQE5qa2M40PN5W6znr0BGMho8fcLuQrBxlP40VYjZoblUk\nmyq7OfF/AgMBAAECggEAITYv/SWb73ItTnrKXnEk3dK1ZmPZaxdGrHL3CHwgeL6z\nAGTtQqhTTYjtbRyigPOmbsSCVBi9NJmzQJjcO2YQKRD5Dih/hwoCVnbzc3ssg+Oo\nQX0I1xy98SvVqBma4VpWqV4h6/takRCxx9vo+FVAoxi0tT72w8tx+qBTmowE3A5U\nmKiDrd6wec6th6d/vx2I22E5paTEhCHNoVMNEGhMFKah6pP5uD5K3de1QPmgmPiP\no0sjnsz0upxOuX7/k8Hz/hrzDyySKkhRXV+nap6906XRtLtE3c+us5v0Fx+sG6Pe\nU/ACVusiPoW0VySRXJlQ+difZBpV3njcwBkiPFWeCQKBgQD+nNvfBKGvnn7qRDPC\nXzbC2TOQ1rqkl0iSrk3aEyketfMIA+7/L5zi8/xMkjNY/eIsxuP1LzQ+Q1XhPu/0\n+6rLPIMw1PGe2ri3lNJ99V19AYl42EqvhzOv6ebJBmSyny0IleE8HcsM/9WVdJuy\nqWuUnjdpoEeHm227Rxd8OFVHCwKBgQDzg1xRcW71Jewa83KXoWDUTNNi5hgpKEN0\nlsMjGIGMs6fZLZawpLg7XkK/JvsckHOWo6SrMg4Jrjqqen+13iF+KAQkPm7Pe5av\nIk9hetgje64LpLYd/JHWzVEld78wbMFi9nCd+zZ20KjNxn6JxHOsk4NGY3q8rcLl\nGMvTgDD33QKBgGiB0e3UZNlE4SsfG2+ozT1lEbldqfZs8ijiyqm8O6CTZlHf63Vr\nAaZWJzT2vYTFkNR4PpEg8vyrftCZmLyhoBUTnXWpshNWC4Ou3kc9M0ZgHyEvBljN\n0fVeuI/CxApdM4rWmkCmqfWH/Q7/cfj/eVzjJDOCyllq/rtkDsu6A6bJAoGBAL2o\niud3xKa0oX6gK5kDfKn9KAp4EUtE67zLizIzbPsMFeelhR8RO9gpYy0EDEJEE3K5\nA5C+jIZnp5ONkxgv6MAcJJWh9qYsqMDApTjT97EzK+wvnhQe2euFv/TBniv2GGye\najnxJYtGmqKiPX3JfxpjTbQt2LNJVmkedenFht4VAoGBALEZ1zFMgVa8PJIdr4xo\nxqVH0nz4f/bARq7+COaI7tvjUFfE7pzdHICftEirKQR2sdfz4JjbGhlF9wIlH9G6\noudnT9G4JYjF2dl4HJT2m5wtmMMPNpQKbUqwAM6BpiA/QUeU6DwLzHtXHEIrJQc0\nDj7zdQI7zbFJftMU2IduejEW\n-----END PRIVATE KEY-----\n",
            "public_key_fingerprint_md5": "68:f2:12:e6:2b:e5:04:7f:fe:95:ae:3b:ba:4d:0d:a9",
            "public_key_fingerprint_sha256": "SHA256:QFIXTeVdazNn7EyFrDKgupnvmbr6p/zPO9zGrVthtFw",
            "public_key_openssh": "ssh-rsa AAAAB3NzaC1yc2EAAAADAQABAAABAQDyMYrKk/wn8KOj0sn/eS+9rGaxgDVLemVYCeXy0NOdpOVXFBKPjjo4dwpIz5ePX1LgYRwwg0x3CeFbpC+iofTdpnHcUsUqAMej+KX4J+E1eOzrNrrtN1IQg+lwA0Z43t8l0rALUQ6gAtDQrTdMJfhuykyRYZA+gNzD7r6JWMXOXNVa5yhL+UuX0GG4NMMwSPgrA7ScGvZWW9o82nqFLb7lKtVgv4yvN1Ndg7LlcdgMN6SXMVgcOevdp3x6nhnaJ6lOKnIMjt9HQUpy6OyT9qEnx0tcpI4UYUzQE5qa2M40PN5W6znr0BGMho8fcLuQrBxlP40VYjZoblUkmyq7OfF/\n",
            "public_key_pem": "-----BEGIN PUBLIC KEY-----\nMIIBIjANBgkqhkiG9w0BAQEFAAOCAQ8AMIIBCgKCAQEA8jGKypP8J/Cjo9LJ/3kv\nvaxmsYA1S3plWAnl8tDTnaTlVxQSj446OHcKSM+Xj19S4GEcMINMdwnhW6QvoqH0\n3aZx3FLFKgDHo/il+CfhNXjs6za67TdSEIPpcANGeN7fJdKwC1EOoALQ0K03TCX4\nbspMkWGQPoDcw+6+iVjFzlzVWucoS/lLl9BhuDTDMEj4KwO0nBr2VlvaPNp6hS2+\n5SrVYL+MrzdTXYOy5XHYDDeklzFYHDnr3ad8ep4Z2iepTipyDI7fR0FKcujsk/ah\nJ8dLXKSOFGFM0BOamtjONDzeVus569ARjIaPH3C7kKwcZT+NFWI2aG5VJJsquznx\nfwIDAQAB\n-----END PUBLIC KEY-----\n",
            "rsa_bits": 2048
          },
          "sensitive_attributes": [
            [
              {
                "type": "get_attr",
                "value": "private_key_openssh"
              }
            ],
            [
              {
                "type": "get_attr",
                "value": "private_key_pem"
              }
            ],
            [
              {
                "type": "get_attr",
                "value": "private_key_pem_pkcs8"
              }
            ]
          ],
          "identity_schema_version": 0
        }
      ]
    }
  ],
  "check_results": null
}
